[{<<"cowboy">>,
  {git,"https://github.com/extend/cowboy.git",
       {ref,"b7d666cfc746f55b0a72ef8d37f703885099daf7"}},
  0},
 {<<"cowboyku">>,
  {git,"https://github.com/heroku/cowboyku.git",
       {ref,"ca64d29abe15c1522ba77283f15de20677aa5889"}},
  1},
 {<<"cowlib">>,
  {git,"https://github.com/ninenines/cowlib",
       {ref,"d0cd6dcb338425a24f85f37ab1ba6d9aeaca89bb"}},
  1},
 {<<"erequest_id">>,
  {git,"https://github.com/heroku/erequest_id.git",
       {ref,"e24f250c119e14975eff038ac30b2f9f7d1ceefa"}},
  1},
 {<<"erlydtl">>,
  {git,"https://github.com/erlydtl/erlydtl.git",
       {ref,"2e314f8d8b5dd8fc7dbd8b0c1655e29027ac5cb3"}},
  0},
 {<<"goldrush">>,
  {git,"git://github.com/DeadZen/goldrush.git",
       {ref,"64864ba7fcf40988361340e48680b49a2c2938cf"}},
  1},
 {<<"jsx">>,
  {git,"https://github.com/talentdeficit/jsx.git",
       {ref,"3074d4865b3385a050badf7828ad31490d860df5"}},
  0},
 {<<"lager">>,
  {git,"https://github.com/basho/lager",
       {ref,"310ed140ab86b95dd9f1f1ed3bf2ca93f841349d"}},
  0},
 {<<"lrw">>,
  {git,"https://github.com/ferd/lrw",
       {ref,"07c7dc8e54b36c84789304a8182ec3017a08a82d"}},
  0},
 {<<"midjan">>,
  {git,"https://github.com/heroku/midjan.git",
       {ref,"1499e99509a07d5d3a0fbfd412cac40c64ebce0d"}},
  1},
 {<<"pubsub">>,
  {git,"https://github.com/ricecake/pubsub",
       {ref,"3aff10938299266a9bc8dcc52afc4846b79c3c45"}},
  0},
 {<<"quickrand">>,
  {git,"https://github.com/okeuday/quickrand.git",
       {ref,"75a709de3ccffb0bf53989ccb2e538d230215493"}},
  2},
 {<<"ranch">>,
  {git,"https://github.com/ninenines/ranch",
       {ref,"741bfb73ca663394ecf7a73410506d66f01985a6"}},
  1},
 {<<"ranch_proxy_protocol">>,
  {git,"https://github.com/heroku/ranch_proxy_protocol.git",
       {ref,"c2a5855068651b2447633a257a48209f05888848"}},
  1},
 {<<"uuid">>,
  {git,"https://github.com/okeuday/uuid.git",
       {ref,"24325ae6309d03897735c3a320aab6f74b189ab7"}},
  1},
 {<<"vegur">>,
  {git,"https://github.com/heroku/vegur",
       {ref,"987d623c3d07239a3d3f4f19a2dff25e6622d32f"}},
  0}].
