[{<<"cowboy">>,
  {git,"https://github.com/extend/cowboy.git",
       {ref,"27ecd7fca1c9111a09beb42ffe7efea0c317fd45"}},
  0},
 {<<"cowboyku">>,
  {git,"https://github.com/heroku/cowboyku.git",
       {ref,"ca64d29abe15c1522ba77283f15de20677aa5889"}},
  1},
 {<<"cowlib">>,
  {git,"https://github.com/ninenines/cowlib.git",
       {ref,"14e597baa42a436469f99661ed7994685e269dc2"}},
  1},
 {<<"erequest_id">>,
  {git,"https://github.com/heroku/erequest_id.git",
       {ref,"e24f250c119e14975eff038ac30b2f9f7d1ceefa"}},
  1},
 {<<"erlydtl">>,
  {git,"https://github.com/erlydtl/erlydtl.git",
       {ref,"d2d120c499b72dc51c6d81d7b0609102c0549928"}},
  0},
 {<<"eunit_formatters">>,
  {git,"https://github.com/seancribbs/eunit_formatters",
       {ref,"35e3e6ab2db48af776a1a21bba6f1461c97caacb"}},
  1},
 {<<"goldrush">>,
  {git,"https://github.com/DeadZen/goldrush.git",
       {ref,"64864ba7fcf40988361340e48680b49a2c2938cf"}},
  1},
 {<<"jiffy">>,
  {git,"https://github.com/davisp/jiffy.git",
       {ref,"cfc61a2e952dc3182e0f9b1473467563699992e2"}},
  0},
 {<<"lager">>,
  {git,"https://github.com/basho/lager",
       {ref,"4d2ec8c701e1fa2d386f92f2b83b23faf8608ac3"}},
  0},
 {<<"midjan">>,
  {git,"https://github.com/heroku/midjan.git",
       {ref,"1499e99509a07d5d3a0fbfd412cac40c64ebce0d"}},
  1},
 {<<"quickrand">>,
  {git,"https://github.com/okeuday/quickrand.git",
       {ref,"36bc75ac538430f6858453576850ea088d22c183"}},
  2},
 {<<"ranch">>,
  {git,"https://github.com/ninenines/ranch.git",
       {ref,"adf1822defc2b7cfdc7aca112adabfa1d614043c"}},
  1},
 {<<"ranch_proxy_protocol">>,
  {git,"https://github.com/heroku/ranch_proxy_protocol.git",
       {ref,"c2a5855068651b2447633a257a48209f05888848"}},
  1},
 {<<"uuid">>,
  {git,"https://github.com/okeuday/uuid.git",
       {ref,"24325ae6309d03897735c3a320aab6f74b189ab7"}},
  1},
 {<<"vegur">>,
  {git,"https://github.com/heroku/vegur",
       {ref,"987d623c3d07239a3d3f4f19a2dff25e6622d32f"}},
  0}].
